
Microsoft Visual Studio Solution File, Format Version 12.00
# Visual Studio Version 17
VisualStudioVersion = 17.10.35027.167
MinimumVisualStudioVersion = 10.0.40219.1
Project("{FAE04EC0-301F-11D3-BF4B-00C04F79EFBC}") = "IST4310Project", "IST4310Project\IST4310Project.csproj", "{134FD7A6-1FA5-4584-85D3-A71C66394379}"
EndProject
Global
	GlobalSection(SolutionConfigurationPlatforms) = preSolution
		Debug|Any CPU = Debug|Any CPU
		Release|Any CPU = Release|Any CPU
	EndGlobalSection
	GlobalSection(ProjectConfigurationPlatforms) = postSolution
		{134FD7A6-1FA5-4584-85D3-A71C66394379}.Debug|Any CPU.ActiveCfg = Debug|Any CPU
		{134FD7A6-1FA5-4584-85D3-A71C66394379}.Debug|Any CPU.Build.0 = Debug|Any CPU
		{134FD7A6-1FA5-4584-85D3-A71C66394379}.Release|Any CPU.ActiveCfg = Release|Any CPU
		{134FD7A6-1FA5-4584-85D3-A71C66394379}.Release|Any CPU.Build.0 = Release|Any CPU
	EndGlobalSection
	GlobalSection(SolutionProperties) = preSolution
		HideSolutionNode = FALSE
	EndGlobalSection
	GlobalSection(ExtensibilityGlobals) = postSolution
		SolutionGuid = {0E0AB2F6-27D7-457E-A4CB-32901800F2CD}
	EndGlobalSection
EndGlobal
